// !$*UTF8*$!
{
	archiveVersion = 1;
	classes = {
	};
	objectVersion = 50;
	objects = {

/* Begin PBXBuildFile section */
		ACBF1DDA22405935005329CB /* AppDelegate.swift in Sources */ = {isa = PBXBuildFile; fileRef = ACBF1DD922405935005329CB /* AppDelegate.swift */; };
		ACBF1DDC22405935005329CB /* ViewController.swift in Sources */ = {isa = PBXBuildFile; fileRef = ACBF1DDB22405935005329CB /* ViewController.swift */; };
		ACBF1DDF22405935005329CB /* Main.storyboard in Resources */ = {isa = PBXBuildFile; fileRef = ACBF1DDD22405935005329CB /* Main.storyboard */; };
		ACBF1DE122405937005329CB /* Assets.xcassets in Resources */ = {isa = PBXBuildFile; fileRef = ACBF1DE022405937005329CB /* Assets.xcassets */; };
		ACBF1DE422405937005329CB /* LaunchScreen.storyboard in Resources */ = {isa = PBXBuildFile; fileRef = ACBF1DE222405937005329CB /* LaunchScreen.storyboard */; };
		ACBF1DEF22405937005329CB /* NotificacoesTests.swift in Sources */ = {isa = PBXBuildFile; fileRef = ACBF1DEE22405937005329CB /* NotificacoesTests.swift */; };
		ACBF1DFA22405938005329CB /* NotificacoesUITests.swift in Sources */ = {isa = PBXBuildFile; fileRef = ACBF1DF922405938005329CB /* NotificacoesUITests.swift */; };
/* End PBXBuildFile section */

/* Begin PBXContainerItemProxy section */
		ACBF1DEB22405937005329CB /* PBXContainerItemProxy */ = {
			isa = PBXContainerItemProxy;
			containerPortal = ACBF1DCE22405935005329CB /* Project object */;
			proxyType = 1;
			remoteGlobalIDString = ACBF1DD522405935005329CB;
			remoteInfo = Notificacoes;
		};
		ACBF1DF622405937005329CB /* PBXContainerItemProxy */ = {
			isa = PBXContainerItemProxy;
			containerPortal = ACBF1DCE22405935005329CB /* Project object */;
			proxyType = 1;
			remoteGlobalIDString = ACBF1DD522405935005329CB;
			remoteInfo = Notificacoes;
		};
/* End PBXContainerItemProxy section */

/* Begin PBXFileReference section */
		ACBF1DD622405935005329CB /* Notificacoes.app */ = {isa = PBXFileReference; explicitFileType = wrapper.application; includeInIndex = 0; path = Notificacoes.app; sourceTree = BUILT_PRODUCTS_DIR; };
		ACBF1DD922405935005329CB /* AppDelegate.swift */ = {isa = PBXFileReference; lastKnownFileType = sourcecode.swift; path = AppDelegate.swift; sourceTree = "<group>"; };
		ACBF1DDB22405935005329CB /* ViewController.swift */ = {isa = PBXFileReference; lastKnownFileType = sourcecode.swift; path = ViewController.swift; sourceTree = "<group>"; };
		ACBF1DDE22405935005329CB /* Base */ = {isa = PBXFileReference; lastKnownFileType = file.storyboard; name = Base; path = Base.lproj/Main.storyboard; sourceTree = "<group>"; };
		ACBF1DE022405937005329CB /* Assets.xcassets */ = {isa = PBXFileReference; lastKnownFileType = folder.assetcatalog; path = Assets.xcassets; sourceTree = "<group>"; };
		ACBF1DE322405937005329CB /* Base */ = {isa = PBXFileReference; lastKnownFileType = file.storyboard; name = Base; path = Base.lproj/LaunchScreen.storyboard; sourceTree = "<group>"; };
		ACBF1DE522405937005329CB /* Info.plist */ = {isa = PBXFileReference; lastKnownFileType = text.plist.xml; path = Info.plist; sourceTree = "<group>"; };
		ACBF1DEA22405937005329CB /* NotificacoesTests.xctest */ = {isa = PBXFileReference; explicitFileType = wrapper.cfbundle; includeInIndex = 0; path = NotificacoesTests.xctest; sourceTree = BUILT_PRODUCTS_DIR; };
		ACBF1DEE22405937005329CB /* NotificacoesTests.swift */ = {isa = PBXFileReference; lastKnownFileType = sourcecode.swift; path = NotificacoesTests.swift; sourceTree = "<group>"; };
		ACBF1DF022405937005329CB /* Info.plist */ = {isa = PBXFileReference; lastKnownFileType = text.plist.xml; path = Info.plist; sourceTree = "<group>"; };
		ACBF1DF522405937005329CB /* NotificacoesUITests.xctest */ = {isa = PBXFileReference; explicitFileType = wrapper.cfbundle; includeInIndex = 0; path = NotificacoesUITests.xctest; sourceTree = BUILT_PRODUCTS_DIR; };
		ACBF1DF922405938005329CB /* NotificacoesUITests.swift */ = {isa = PBXFileReference; lastKnownFileType = sourcecode.swift; path = NotificacoesUITests.swift; sourceTree = "<group>"; };
		ACBF1DFB22405938005329CB /* Info.plist */ = {isa = PBXFileReference; lastKnownFileType = text.plist.xml; path = Info.plist; sourceTree = "<group>"; };
/* End PBXFileReference section */

/* Begin PBXFrameworksBuildPhase section */
		ACBF1DD322405935005329CB /* Frameworks */ = {
			isa = PBXFrameworksBuildPhase;
			buildActionMask = 2147483647;
			files = (
			);
			runOnlyForDeploymentPostprocessing = 0;
		};
		ACBF1DE722405937005329CB /* Frameworks */ = {
			isa = PBXFrameworksBuildPhase;
			buildActionMask = 2147483647;
			files = (
			);
			runOnlyForDeploymentPostprocessing = 0;
		};
		ACBF1DF222405937005329CB /* Frameworks */ = {
			isa = PBXFrameworksBuildPhase;
			buildActionMask = 2147483647;
			files = (
			);
			runOnlyForDeploymentPostprocessing = 0;
		};
/* End PBXFrameworksBuildPhase section */

/* Begin PBXGroup section */
		ACBF1DCD22405935005329CB = {
			isa = PBXGroup;
			children = (
				ACBF1DD822405935005329CB /* Notificacoes */,
				ACBF1DED22405937005329CB /* NotificacoesTests */,
				ACBF1DF822405938005329CB /* NotificacoesUITests */,
				ACBF1DD722405935005329CB /* Products */,
			);
			sourceTree = "<group>";
		};
		ACBF1DD722405935005329CB /* Products */ = {
			isa = PBXGroup;
			children = (
				ACBF1DD622405935005329CB /* Notificacoes.app */,
				ACBF1DEA22405937005329CB /* NotificacoesTests.xctest */,
				ACBF1DF522405937005329CB /* NotificacoesUITests.xctest */,
			);
			name = Products;
			sourceTree = "<group>";
		};
		ACBF1DD822405935005329CB /* Notificacoes */ = {
			isa = PBXGroup;
			children = (
				ACBF1DD922405935005329CB /* AppDelegate.swift */,
				ACBF1DDB22405935005329CB /* ViewController.swift */,
				ACBF1DDD22405935005329CB /* Main.storyboard */,
				ACBF1DE022405937005329CB /* Assets.xcassets */,
				ACBF1DE222405937005329CB /* LaunchScreen.storyboard */,
				ACBF1DE522405937005329CB /* Info.plist */,
			);
			path = Notificacoes;
			sourceTree = "<group>";
		};
		ACBF1DED22405937005329CB /* NotificacoesTests */ = {
			isa = PBXGroup;
			children = (
				ACBF1DEE22405937005329CB /* NotificacoesTests.swift */,
				ACBF1DF022405937005329CB /* Info.plist */,
			);
			path = NotificacoesTests;
			sourceTree = "<group>";
		};
		ACBF1DF822405938005329CB /* NotificacoesUITests */ = {
			isa = PBXGroup;
			children = (
				ACBF1DF922405938005329CB /* NotificacoesUITests.swift */,
				ACBF1DFB22405938005329CB /* Info.plist */,
			);
			path = NotificacoesUITests;
			sourceTree = "<group>";
		};
/* End PBXGroup section */

/* Begin PBXNativeTarget section */
		ACBF1DD522405935005329CB /* Notificacoes */ = {
			isa = PBXNativeTarget;
			buildConfigurationList = ACBF1DFE22405938005329CB /* Build configuration list for PBXNativeTarget "Notificacoes" */;
			buildPhases = (
				ACBF1DD222405935005329CB /* Sources */,
				ACBF1DD322405935005329CB /* Frameworks */,
				ACBF1DD422405935005329CB /* Resources */,
			);
			buildRules = (
			);
			dependencies = (
			);
			name = Notificacoes;
			productName = Notificacoes;
			productReference = ACBF1DD622405935005329CB /* Notificacoes.app */;
			productType = "com.apple.product-type.application";
		};
		ACBF1DE922405937005329CB /* NotificacoesTests */ = {
			isa = PBXNativeTarget;
			buildConfigurationList = ACBF1E0122405938005329CB /* Build configuration list for PBXNativeTarget "NotificacoesTests" */;
			buildPhases = (
				ACBF1DE622405937005329CB /* Sources */,
				ACBF1DE722405937005329CB /* Frameworks */,
				ACBF1DE822405937005329CB /* Resources */,
			);
			buildRules = (
			);
			dependencies = (
				ACBF1DEC22405937005329CB /* PBXTargetDependency */,
			);
			name = NotificacoesTests;
			productName = NotificacoesTests;
			productReference = ACBF1DEA22405937005329CB /* NotificacoesTests.xctest */;
			productType = "com.apple.product-type.bundle.unit-test";
		};
		ACBF1DF422405937005329CB /* NotificacoesUITests */ = {
			isa = PBXNativeTarget;
			buildConfigurationList = ACBF1E0422405938005329CB /* Build configuration list for PBXNativeTarget "NotificacoesUITests" */;
			buildPhases = (
				ACBF1DF122405937005329CB /* Sources */,
				ACBF1DF222405937005329CB /* Frameworks */,
				ACBF1DF322405937005329CB /* Resources */,
			);
			buildRules = (
			);
			dependencies = (
				ACBF1DF722405937005329CB /* PBXTargetDependency */,
			);
			name = NotificacoesUITests;
			productName = NotificacoesUITests;
			productReference = ACBF1DF522405937005329CB /* NotificacoesUITests.xctest */;
			productType = "com.apple.product-type.bundle.ui-testing";
		};
/* End PBXNativeTarget section */

/* Begin PBXProject section */
		ACBF1DCE22405935005329CB /* Project object */ = {
			isa = PBXProject;
			attributes = {
				LastSwiftUpdateCheck = 1000;
				LastUpgradeCheck = 1000;
				ORGANIZATIONNAME = "Usuário Convidado";
				TargetAttributes = {
					ACBF1DD522405935005329CB = {
						CreatedOnToolsVersion = 10.0;
					};
					ACBF1DE922405937005329CB = {
						CreatedOnToolsVersion = 10.0;
						TestTargetID = ACBF1DD522405935005329CB;
					};
					ACBF1DF422405937005329CB = {
						CreatedOnToolsVersion = 10.0;
						TestTargetID = ACBF1DD522405935005329CB;
					};
				};
			};
			buildConfigurationList = ACBF1DD122405935005329CB /* Build configuration list for PBXProject "Notificacoes" */;
			compatibilityVersion = "Xcode 9.3";
			developmentRegion = en;
			hasScannedForEncodings = 0;
			knownRegions = (
				en,
				Base,
			);
			mainGroup = ACBF1DCD22405935005329CB;
			productRefGroup = ACBF1DD722405935005329CB /* Products */;
			projectDirPath = "";
			projectRoot = "";
			targets = (
				ACBF1DD522405935005329CB /* Notificacoes */,
				ACBF1DE922405937005329CB /* NotificacoesTests */,
				ACBF1DF422405937005329CB /* NotificacoesUITests */,
			);
		};
/* End PBXProject section */

/* Begin PBXResourcesBuildPhase section */
		ACBF1DD422405935005329CB /* Resources */ = {
			isa = PBXResourcesBuildPhase;
			buildActionMask = 2147483647;
			files = (
				ACBF1DE422405937005329CB /* LaunchScreen.storyboard in Resources */,
				ACBF1DE122405937005329CB /* Assets.xcassets in Resources */,
				ACBF1DDF22405935005329CB /* Main.storyboard in Resources */,
			);
			runOnlyForDeploymentPostprocessing = 0;
		};
		ACBF1DE822405937005329CB /* Resources */ = {
			isa = PBXResourcesBuildPhase;
			buildActionMask = 2147483647;
			files = (
			);
			runOnlyForDeploymentPostprocessing = 0;
		};
		ACBF1DF322405937005329CB /* Resources */ = {
			isa = PBXResourcesBuildPhase;
			buildActionMask = 2147483647;
			files = (
			);
			runOnlyForDeploymentPostprocessing = 0;
		};
/* End PBXResourcesBuildPhase section */

/* Begin PBXSourcesBuildPhase section */
		ACBF1DD222405935005329CB /* Sources */ = {
			isa = PBXSourcesBuildPhase;
			buildActionMask = 2147483647;
			files = (
				ACBF1DDC22405935005329CB /* ViewController.swift in Sources */,
				ACBF1DDA22405935005329CB /* AppDelegate.swift in Sources */,
			);
			runOnlyForDeploymentPostprocessing = 0;
		};
		ACBF1DE622405937005329CB /* Sources */ = {
			isa = PBXSourcesBuildPhase;
			buildActionMask = 2147483647;
			files = (
				ACBF1DEF22405937005329CB /* NotificacoesTests.swift in Sources */,
			);
			runOnlyForDeploymentPostprocessing = 0;
		};
		ACBF1DF122405937005329CB /* Sources */ = {
			isa = PBXSourcesBuildPhase;
			buildActionMask = 2147483647;
			files = (
				ACBF1DFA22405938005329CB /* NotificacoesUITests.swift in Sources */,
			);
			runOnlyForDeploymentPostprocessing = 0;
		};
/* End PBXSourcesBuildPhase section */

/* Begin PBXTargetDependency section */
		ACBF1DEC22405937005329CB /* PBXTargetDependency */ = {
			isa = PBXTargetDependency;
			target = ACBF1DD522405935005329CB /* Notificacoes */;
			targetProxy = ACBF1DEB22405937005329CB /* PBXContainerItemProxy */;
		};
		ACBF1DF722405937005329CB /* PBXTargetDependency */ = {
			isa = PBXTargetDependency;
			target = ACBF1DD522405935005329CB /* Notificacoes */;
			targetProxy = ACBF1DF622405937005329CB /* PBXContainerItemProxy */;
		};
/* End PBXTargetDependency section */

/* Begin PBXVariantGroup section */
		ACBF1DDD22405935005329CB /* Main.storyboard */ = {
			isa = PBXVariantGroup;
			children = (
				ACBF1DDE22405935005329CB /* Base */,
			);
			name = Main.storyboard;
			sourceTree = "<group>";
		};
		ACBF1DE222405937005329CB /* LaunchScreen.storyboard */ = {
			isa = PBXVariantGroup;
			children = (
				ACBF1DE322405937005329CB /* Base */,
			);
			name = LaunchScreen.storyboard;
			sourceTree = "<group>";
		};
/* End PBXVariantGroup section */

/* Begin XCBuildConfiguration section */
		ACBF1DFC22405938005329CB /* Debug */ = {
			isa = XCBuildConfiguration;
			buildSettings = {
				ALWAYS_SEARCH_USER_PATHS = NO;
				CLANG_ANALYZER_NONNULL = YES;
				CLANG_ANALYZER_NUMBER_OBJECT_CONVERSION = YES_AGGRESSIVE;
				CLANG_CXX_LANGUAGE_STANDARD = "gnu++14";
				CLANG_CXX_LIBRARY = "libc++";
				CLANG_ENABLE_MODULES = YES;
				CLANG_ENABLE_OBJC_ARC = YES;
				CLANG_ENABLE_OBJC_WEAK = YES;
				CLANG_WARN_BLOCK_CAPTURE_AUTORELEASING = YES;
				CLANG_WARN_BOOL_CONVERSION = YES;
				CLANG_WARN_COMMA = YES;
				CLANG_WARN_CONSTANT_CONVERSION = YES;
				CLANG_WARN_DEPRECATED_OBJC_IMPLEMENTATIONS = YES;
				CLANG_WARN_DIRECT_OBJC_ISA_USAGE = YES_ERROR;
				CLANG_WARN_DOCUMENTATION_COMMENTS = YES;
				CLANG_WARN_EMPTY_BODY = YES;
				CLANG_WARN_ENUM_CONVERSION = YES;
				CLANG_WARN_INFINITE_RECURSION = YES;
				CLANG_WARN_INT_CONVERSION = YES;
				CLANG_WARN_NON_LITERAL_NULL_CONVERSION = YES;
				CLANG_WARN_OBJC_IMPLICIT_RETAIN_SELF = YES;
				CLANG_WARN_OBJC_LITERAL_CONVERSION = YES;
				CLANG_WARN_OBJC_ROOT_CLASS = YES_ERROR;
				CLANG_WARN_RANGE_LOOP_ANALYSIS = YES;
				CLANG_WARN_STRICT_PROTOTYPES = YES;
				CLANG_WARN_SUSPICIOUS_MOVE = YES;
				CLANG_WARN_UNGUARDED_AVAILABILITY = YES_AGGRESSIVE;
				CLANG_WARN_UNREACHABLE_CODE = YES;
				CLANG_WARN__DUPLICATE_METHOD_MATCH = YES;
				CODE_SIGN_IDENTITY = "iPhone Developer";
				COPY_PHASE_STRIP = NO;
				DEBUG_INFORMATION_FORMAT = dwarf;
				ENABLE_STRICT_OBJC_MSGSEND = YES;
				ENABLE_TESTABILITY = YES;
				GCC_C_LANGUAGE_STANDARD = gnu11;
				GCC_DYNAMIC_NO_PIC = NO;
				GCC_NO_COMMON_BLOCKS = YES;
				GCC_OPTIMIZATION_LEVEL = 0;
				GCC_PREPROCESSOR_DEFINITIONS = (
					"DEBUG=1",
					"$(inherited)",
				);
				GCC_WARN_64_TO_32_BIT_CONVERSION = YES;
				GCC_WARN_ABOUT_RETURN_TYPE = YES_ERROR;
				GCC_WARN_UNDECLARED_SELECTOR = YES;
				GCC_WARN_UNINITIALIZED_AUTOS = YES_AGGRESSIVE;
				GCC_WARN_UNUSED_FUNCTION = YES;
				GCC_WARN_UNUSED_VARIABLE = YES;
				IPHONEOS_DEPLOYMENT_TARGET = 12.0;
				MTL_ENABLE_DEBUG_INFO = INCLUDE_SOURCE;
				MTL_FAST_MATH = YES;
				ONLY_ACTIVE_ARCH = YES;
				SDKROOT = iphoneos;
				SWIFT_ACTIVE_COMPILATION_CONDITIONS = DEBUG;
				SWIFT_OPTIMIZATION_LEVEL = "-Onone";
			};
			name = Debug;
		};
		ACBF1DFD22405938005329CB /* Release */ = {
			isa = XCBuildConfiguration;
			buildSettings = {
				ALWAYS_SEARCH_USER_PATHS = NO;
				CLANG_ANALYZER_NONNULL = YES;
				CLANG_ANALYZER_NUMBER_OBJECT_CONVERSION = YES_AGGRESSIVE;
				CLANG_CXX_LANGUAGE_STANDARD = "gnu++14";
				CLANG_CXX_LIBRARY = "libc++";
				CLANG_ENABLE_MODULES = YES;
				CLANG_ENABLE_OBJC_ARC = YES;
				CLANG_ENABLE_OBJC_WEAK = YES;
				CLANG_WARN_BLOCK_CAPTURE_AUTORELEASING = YES;
				CLANG_WARN_BOOL_CONVERSION = YES;
				CLANG_WARN_COMMA = YES;
				CLANG_WARN_CONSTANT_CONVERSION = YES;
				CLANG_WARN_DEPRECATED_OBJC_IMPLEMENTATIONS = YES;
				CLANG_WARN_DIRECT_OBJC_ISA_USAGE = YES_ERROR;
				CLANG_WARN_DOCUMENTATION_COMMENTS = YES;
				CLANG_WARN_EMPTY_BODY = YES;
				CLANG_WARN_ENUM_CONVERSION = YES;
				CLANG_WARN_INFINITE_RECURSION = YES;
				CLANG_WARN_INT_CONVERSION = YES;
				CLANG_WARN_NON_LITERAL_NULL_CONVERSION = YES;
				CLANG_WARN_OBJC_IMPLICIT_RETAIN_SELF = YES;
				CLANG_WARN_OBJC_LITERAL_CONVERSION = YES;
				CLANG_WARN_OBJC_ROOT_CLASS = YES_ERROR;
				CLANG_WARN_RANGE_LOOP_ANALYSIS = YES;
				CLANG_WARN_STRICT_PROTOTYPES = YES;
				CLANG_WARN_SUSPICIOUS_MOVE = YES;
				CLANG_WARN_UNGUARDED_AVAILABILITY = YES_AGGRESSIVE;
				CLANG_WARN_UNREACHABLE_CODE = YES;
				CLANG_WARN__DUPLICATE_METHOD_MATCH = YES;
				CODE_SIGN_IDENTITY = "iPhone Developer";
				COPY_PHASE_STRIP = NO;
				DEBUG_INFORMATION_FORMAT = "dwarf-with-dsym";
				ENABLE_NS_ASSERTIONS = NO;
				ENABLE_STRICT_OBJC_MSGSEND = YES;
				GCC_C_LANGUAGE_STANDARD = gnu11;
				GCC_NO_COMMON_BLOCKS = YES;
				GCC_WARN_64_TO_32_BIT_CONVERSION = YES;
				GCC_WARN_ABOUT_RETURN_TYPE = YES_ERROR;
				GCC_WARN_UNDECLARED_SELECTOR = YES;
				GCC_WARN_UNINITIALIZED_AUTOS = YES_AGGRESSIVE;
				GCC_WARN_UNUSED_FUNCTION = YES;
				GCC_WARN_UNUSED_VARIABLE = YES;
				IPHONEOS_DEPLOYMENT_TARGET = 12.0;
				MTL_ENABLE_DEBUG_INFO = NO;
				MTL_FAST_MATH = YES;
				SDKROOT = iphoneos;
				SWIFT_COMPILATION_MODE = wholemodule;
				SWIFT_OPTIMIZATION_LEVEL = "-O";
				VALIDATE_PRODUCT = YES;
			};
			name = Release;
		};
		ACBF1DFF22405938005329CB /* Debug */ = {
			isa = XCBuildConfiguration;
			buildSettings = {
				ASSETCATALOG_COMPILER_APPICON_NAME = AppIcon;
				CODE_SIGN_STYLE = Automatic;
				INFOPLIST_FILE = Notificacoes/Info.plist;
				LD_RUNPATH_SEARCH_PATHS = (
					"$(inherited)",
					"@executable_path/Frameworks",
				);
				PRODUCT_BUNDLE_IDENTIFIER = br.com.fiap.Notificacoes;
				PRODUCT_NAME = "$(TARGET_NAME)";
				SWIFT_VERSION = 4.2;
				TARGETED_DEVICE_FAMILY = "1,2";
			};
			name = Debug;
		};
		ACBF1E0022405938005329CB /* Release */ = {
			isa = XCBuildConfiguration;
			buildSettings = {
				ASSETCATALOG_COMPILER_APPICON_NAME = AppIcon;
				CODE_SIGN_STYLE = Automatic;
				INFOPLIST_FILE = Notificacoes/Info.plist;
				LD_RUNPATH_SEARCH_PATHS = (
					"$(inherited)",
					"@executable_path/Frameworks",
				);
				PRODUCT_BUNDLE_IDENTIFIER = br.com.fiap.Notificacoes;
				PRODUCT_NAME = "$(TARGET_NAME)";
				SWIFT_VERSION = 4.2;
				TARGETED_DEVICE_FAMILY = "1,2";
			};
			name = Release;
		};
		ACBF1E0222405938005329CB /* Debug */ = {
			isa = XCBuildConfiguration;
			buildSettings = {
				ALWAYS_EMBED_SWIFT_STANDARD_LIBRARIES = YES;
				BUNDLE_LOADER = "$(TEST_HOST)";
				CODE_SIGN_STYLE = Automatic;
				INFOPLIST_FILE = NotificacoesTests/Info.plist;
				LD_RUNPATH_SEARCH_PATHS = (
					"$(inherited)",
					"@executable_path/Frameworks",
					"@loader_path/Frameworks",
				);
				PRODUCT_BUNDLE_IDENTIFIER = br.com.fiap.NotificacoesTests;
				PRODUCT_NAME = "$(TARGET_NAME)";
				SWIFT_VERSION = 4.2;
				TARGETED_DEVICE_FAMILY = "1,2";
				TEST_HOST = "$(BUILT_PRODUCTS_DIR)/Notificacoes.app/Notificacoes";
			};
			name = Debug;
		};
		ACBF1E0322405938005329CB /* Release */ = {
			isa = XCBuildConfiguration;
			buildSettings = {
				ALWAYS_EMBED_SWIFT_STANDARD_LIBRARIES = YES;
				BUNDLE_LOADER = "$(TEST_HOST)";
				CODE_SIGN_STYLE = Automatic;
				INFOPLIST_FILE = NotificacoesTests/Info.plist;
				LD_RUNPATH_SEARCH_PATHS = (
					"$(inherited)",
					"@executable_path/Frameworks",
					"@loader_path/Frameworks",
				);
				PRODUCT_BUNDLE_IDENTIFIER = br.com.fiap.NotificacoesTests;
				PRODUCT_NAME = "$(TARGET_NAME)";
				SWIFT_VERSION = 4.2;
				TARGETED_DEVICE_FAMILY = "1,2";
				TEST_HOST = "$(BUILT_PRODUCTS_DIR)/Notificacoes.app/Notificacoes";
			};
			name = Release;
		};
		ACBF1E0522405938005329CB /* Debug */ = {
			isa = XCBuildConfiguration;
			buildSettings = {
				ALWAYS_EMBED_SWIFT_STANDARD_LIBRARIES = YES;
				CODE_SIGN_STYLE = Automatic;
				INFOPLIST_FILE = NotificacoesUITests/Info.plist;
				LD_RUNPATH_SEARCH_PATHS = (
					"$(inherited)",
					"@executable_path/Frameworks",
					"@loader_path/Frameworks",
				);
				PRODUCT_BUNDLE_IDENTIFIER = br.com.fiap.NotificacoesUITests;
				PRODUCT_NAME = "$(TARGET_NAME)";
				SWIFT_VERSION = 4.2;
				TARGETED_DEVICE_FAMILY = "1,2";
				TEST_TARGET_NAME = Notificacoes;
			};
			name = Debug;
		};
		ACBF1E0622405938005329CB /* Release */ = {
			isa = XCBuildConfiguration;
			buildSettings = {
				ALWAYS_EMBED_SWIFT_STANDARD_LIBRARIES = YES;
				CODE_SIGN_STYLE = Automatic;
				INFOPLIST_FILE = NotificacoesUITests/Info.plist;
				LD_RUNPATH_SEARCH_PATHS = (
					"$(inherited)",
					"@executable_path/Frameworks",
					"@loader_path/Frameworks",
				);
				PRODUCT_BUNDLE_IDENTIFIER = br.com.fiap.NotificacoesUITests;
				PRODUCT_NAME = "$(TARGET_NAME)";
				SWIFT_VERSION = 4.2;
				TARGETED_DEVICE_FAMILY = "1,2";
				TEST_TARGET_NAME = Notificacoes;
			};
			name = Release;
		};
/* End XCBuildConfiguration section */

/* Begin XCConfigurationList section */
		ACBF1DD122405935005329CB /* Build configuration list for PBXProject "Notificacoes" */ = {
			isa = XCConfigurationList;
			buildConfigurations = (
				ACBF1DFC22405938005329CB /* Debug */,
				ACBF1DFD22405938005329CB /* Release */,
			);
			defaultConfigurationIsVisible = 0;
			defaultConfigurationName = Release;
		};
		ACBF1DFE22405938005329CB /* Build configuration list for PBXNativeTarget "Notificacoes" */ = {
			isa = XCConfigurationList;
			buildConfigurations = (
				ACBF1DFF22405938005329CB /* Debug */,
				ACBF1E0022405938005329CB /* Release */,
			);
			defaultConfigurationIsVisible = 0;
			defaultConfigurationName = Release;
		};
		ACBF1E0122405938005329CB /* Build configuration list for PBXNativeTarget "NotificacoesTests" */ = {
			isa = XCConfigurationList;
			buildConfigurations = (
				ACBF1E0222405938005329CB /* Debug */,
				ACBF1E0322405938005329CB /* Release */,
			);
			defaultConfigurationIsVisible = 0;
			defaultConfigurationName = Release;
		};
		ACBF1E0422405938005329CB /* Build configuration list for PBXNativeTarget "NotificacoesUITests" */ = {
			isa = XCConfigurationList;
			buildConfigurations = (
				ACBF1E0522405938005329CB /* Debug */,
				ACBF1E0622405938005329CB /* Release */,
			);
			defaultConfigurationIsVisible = 0;
			defaultConfigurationName = Release;
		};
/* End XCConfigurationList section */
	};
	rootObject = ACBF1DCE22405935005329CB /* Project object */;
}
